
Microsoft Visual Studio Solution File, Format Version 12.00
# Visual Studio Version 17
VisualStudioVersion = 17.14.36127.28 d17.14
MinimumVisualStudioVersion = 10.0.40219.1
Project("{FAE04EC0-301F-11D3-BF4B-00C04F79EFBC}") = "BlazorApp1", "BlazorApp1\BlazorApp1.csproj", "{3CFC5185-E1B2-430A-A25F-288B23E98CD5}"
EndProject
Global
	GlobalSection(SolutionConfigurationPlatforms) = preSolution
		Debug|Any CPU = Debug|Any CPU
		Release|Any CPU = Release|Any CPU
	EndGlobalSection
	GlobalSection(ProjectConfigurationPlatforms) = postSolution
		{3CFC5185-E1B2-430A-A25F-288B23E98CD5}.Debug|Any CPU.ActiveCfg = Debug|Any CPU
		{3CFC5185-E1B2-430A-A25F-288B23E98CD5}.Debug|Any CPU.Build.0 = Debug|Any CPU
		{3CFC5185-E1B2-430A-A25F-288B23E98CD5}.Release|Any CPU.ActiveCfg = Release|Any CPU
		{3CFC5185-E1B2-430A-A25F-288B23E98CD5}.Release|Any CPU.Build.0 = Release|Any CPU
	EndGlobalSection
	GlobalSection(SolutionProperties) = preSolution
		HideSolutionNode = FALSE
	EndGlobalSection
	GlobalSection(ExtensibilityGlobals) = postSolution
		SolutionGuid = {3141EDF0-7F26-4D2A-9920-EB3D20B540F3}
	EndGlobalSection
EndGlobal
